// !$*UTF8*$!
{
	archiveVersion = 1;
	classes = {
	};
	objectVersion = 50;
	objects = {

/* Begin PBXBuildFile section */
		7270A1C28875D7B2D5827CAF /* libPods-GuestBook.a in Frameworks */ = {isa = PBXBuildFile; fileRef = 6F0D97AADE6FCFED3B97CD7F /* libPods-GuestBook.a */; };
		EA13F74826409C6600D88722 /* LoginVC.swift in Sources */ = {isa = PBXBuildFile; fileRef = EA13F74726409C6600D88722 /* LoginVC.swift */; };
		EA13F74A2640A40F00D88722 /* RegisterVC.swift in Sources */ = {isa = PBXBuildFile; fileRef = EA13F7492640A40F00D88722 /* RegisterVC.swift */; };
		EA13F74D2641142500D88722 /* MyTextField.swift in Sources */ = {isa = PBXBuildFile; fileRef = EA13F74C2641142500D88722 /* MyTextField.swift */; };
		EA13F74F264124FC00D88722 /* MyButton.swift in Sources */ = {isa = PBXBuildFile; fileRef = EA13F74E264124FC00D88722 /* MyButton.swift */; };
		EA13F75126412D6000D88722 /* LoadingVC.swift in Sources */ = {isa = PBXBuildFile; fileRef = EA13F75026412D6000D88722 /* LoadingVC.swift */; };
		EA13F75A2641B94500D88722 /* EndPoints.swift in Sources */ = {isa = PBXBuildFile; fileRef = EA13F7592641B94500D88722 /* EndPoints.swift */; };
		EA13F75C2641CC0A00D88722 /* NetworkManager.swift in Sources */ = {isa = PBXBuildFile; fileRef = EA13F75B2641CC0A00D88722 /* NetworkManager.swift */; };
		EA13F75F2641D5BC00D88722 /* User.swift in Sources */ = {isa = PBXBuildFile; fileRef = EA13F75E2641D5BC00D88722 /* User.swift */; };
		EA13F76126426D3C00D88722 /* MyLabel.swift in Sources */ = {isa = PBXBuildFile; fileRef = EA13F76026426D3C00D88722 /* MyLabel.swift */; };
		EA13F7632642747000D88722 /* GetListVC.swift in Sources */ = {isa = PBXBuildFile; fileRef = EA13F7622642747000D88722 /* GetListVC.swift */; };
		EA13F7652642912500D88722 /* Answer.swift in Sources */ = {isa = PBXBuildFile; fileRef = EA13F7642642912500D88722 /* Answer.swift */; };
		EA13F7742642D2B300D88722 /* MyTableViewCell.swift in Sources */ = {isa = PBXBuildFile; fileRef = EA13F7722642D2B300D88722 /* MyTableViewCell.swift */; };
		EA13F7752642D2B300D88722 /* MyTableViewCell.xib in Resources */ = {isa = PBXBuildFile; fileRef = EA13F7732642D2B300D88722 /* MyTableViewCell.xib */; };
		EA13F77C2644270600D88722 /* Links.swift in Sources */ = {isa = PBXBuildFile; fileRef = EA13F77B2644270600D88722 /* Links.swift */; };
		EA13F77E26442A0C00D88722 /* Meta.swift in Sources */ = {isa = PBXBuildFile; fileRef = EA13F77D26442A0C00D88722 /* Meta.swift */; };
		EA58EAED26407F18003933BF /* AppDelegate.swift in Sources */ = {isa = PBXBuildFile; fileRef = EA58EAEC26407F18003933BF /* AppDelegate.swift */; };
		EA58EAEF26407F18003933BF /* SceneDelegate.swift in Sources */ = {isa = PBXBuildFile; fileRef = EA58EAEE26407F18003933BF /* SceneDelegate.swift */; };
		EA58EAF426407F18003933BF /* Main.storyboard in Resources */ = {isa = PBXBuildFile; fileRef = EA58EAF226407F18003933BF /* Main.storyboard */; };
		EA58EAF626407F19003933BF /* Assets.xcassets in Resources */ = {isa = PBXBuildFile; fileRef = EA58EAF526407F19003933BF /* Assets.xcassets */; };
		EAC6D1E026451FFD0038A0BC /* AnswersVC.swift in Sources */ = {isa = PBXBuildFile; fileRef = EAC6D1DF26451FFD0038A0BC /* AnswersVC.swift */; };
		EAC6D1EA264551D40038A0BC /* Comment.swift in Sources */ = {isa = PBXBuildFile; fileRef = EAC6D1E9264551D40038A0BC /* Comment.swift */; };
/* End PBXBuildFile section */

/* Begin PBXFileReference section */
		6C3D22426D16FBC136B3EB88 /* Pods-GuestBook.release.xcconfig */ = {isa = PBXFileReference; includeInIndex = 1; lastKnownFileType = text.xcconfig; name = "Pods-GuestBook.release.xcconfig"; path = "Target Support Files/Pods-GuestBook/Pods-GuestBook.release.xcconfig"; sourceTree = "<group>"; };
		6F0D97AADE6FCFED3B97CD7F /* libPods-GuestBook.a */ = {isa = PBXFileReference; explicitFileType = archive.ar; includeInIndex = 0; path = "libPods-GuestBook.a"; sourceTree = BUILT_PRODUCTS_DIR; };
		9B82AB7ADA676CAE699EAF42 /* Pods-GuestBook.debug.xcconfig */ = {isa = PBXFileReference; includeInIndex = 1; lastKnownFileType = text.xcconfig; name = "Pods-GuestBook.debug.xcconfig"; path = "Target Support Files/Pods-GuestBook/Pods-GuestBook.debug.xcconfig"; sourceTree = "<group>"; };
		EA13F74726409C6600D88722 /* LoginVC.swift */ = {isa = PBXFileReference; lastKnownFileType = sourcecode.swift; path = LoginVC.swift; sourceTree = "<group>"; };
		EA13F7492640A40F00D88722 /* RegisterVC.swift */ = {isa = PBXFileReference; lastKnownFileType = sourcecode.swift; path = RegisterVC.swift; sourceTree = "<group>"; };
		EA13F74C2641142500D88722 /* MyTextField.swift */ = {isa = PBXFileReference; lastKnownFileType = sourcecode.swift; path = MyTextField.swift; sourceTree = "<group>"; };
		EA13F74E264124FC00D88722 /* MyButton.swift */ = {isa = PBXFileReference; lastKnownFileType = sourcecode.swift; path = MyButton.swift; sourceTree = "<group>"; };
		EA13F75026412D6000D88722 /* LoadingVC.swift */ = {isa = PBXFileReference; lastKnownFileType = sourcecode.swift; path = LoadingVC.swift; sourceTree = "<group>"; };
		EA13F7592641B94500D88722 /* EndPoints.swift */ = {isa = PBXFileReference; lastKnownFileType = sourcecode.swift; path = EndPoints.swift; sourceTree = "<group>"; };
		EA13F75B2641CC0A00D88722 /* NetworkManager.swift */ = {isa = PBXFileReference; lastKnownFileType = sourcecode.swift; path = NetworkManager.swift; sourceTree = "<group>"; };
		EA13F75E2641D5BC00D88722 /* User.swift */ = {isa = PBXFileReference; lastKnownFileType = sourcecode.swift; path = User.swift; sourceTree = "<group>"; };
		EA13F76026426D3C00D88722 /* MyLabel.swift */ = {isa = PBXFileReference; lastKnownFileType = sourcecode.swift; path = MyLabel.swift; sourceTree = "<group>"; };
		EA13F7622642747000D88722 /* GetListVC.swift */ = {isa = PBXFileReference; lastKnownFileType = sourcecode.swift; path = GetListVC.swift; sourceTree = "<group>"; };
		EA13F7642642912500D88722 /* Answer.swift */ = {isa = PBXFileReference; lastKnownFileType = sourcecode.swift; path = Answer.swift; sourceTree = "<group>"; };
		EA13F7722642D2B300D88722 /* MyTableViewCell.swift */ = {isa = PBXFileReference; lastKnownFileType = sourcecode.swift; path = MyTableViewCell.swift; sourceTree = "<group>"; };
		EA13F7732642D2B300D88722 /* MyTableViewCell.xib */ = {isa = PBXFileReference; lastKnownFileType = file.xib; path = MyTableViewCell.xib; sourceTree = "<group>"; };
		EA13F77B2644270600D88722 /* Links.swift */ = {isa = PBXFileReference; lastKnownFileType = sourcecode.swift; path = Links.swift; sourceTree = "<group>"; };
		EA13F77D26442A0C00D88722 /* Meta.swift */ = {isa = PBXFileReference; lastKnownFileType = sourcecode.swift; path = Meta.swift; sourceTree = "<group>"; };
		EA58EAE926407F18003933BF /* GuestBook.app */ = {isa = PBXFileReference; explicitFileType = wrapper.application; includeInIndex = 0; path = GuestBook.app; sourceTree = BUILT_PRODUCTS_DIR; };
		EA58EAEC26407F18003933BF /* AppDelegate.swift */ = {isa = PBXFileReference; lastKnownFileType = sourcecode.swift; path = AppDelegate.swift; sourceTree = "<group>"; };
		EA58EAEE26407F18003933BF /* SceneDelegate.swift */ = {isa = PBXFileReference; lastKnownFileType = sourcecode.swift; path = SceneDelegate.swift; sourceTree = "<group>"; };
		EA58EAF326407F18003933BF /* Base */ = {isa = PBXFileReference; lastKnownFileType = file.storyboard; name = Base; path = Base.lproj/Main.storyboard; sourceTree = "<group>"; };
		EA58EAF526407F19003933BF /* Assets.xcassets */ = {isa = PBXFileReference; lastKnownFileType = folder.assetcatalog; path = Assets.xcassets; sourceTree = "<group>"; };
		EA58EAFA26407F19003933BF /* Info.plist */ = {isa = PBXFileReference; lastKnownFileType = text.plist.xml; path = Info.plist; sourceTree = "<group>"; };
		EAC6D1DF26451FFD0038A0BC /* AnswersVC.swift */ = {isa = PBXFileReference; lastKnownFileType = sourcecode.swift; path = AnswersVC.swift; sourceTree = "<group>"; };
		EAC6D1E9264551D40038A0BC /* Comment.swift */ = {isa = PBXFileReference; lastKnownFileType = sourcecode.swift; path = Comment.swift; sourceTree = "<group>"; };
/* End PBXFileReference section */

/* Begin PBXFrameworksBuildPhase section */
		EA58EAE626407F18003933BF /* Frameworks */ = {
			isa = PBXFrameworksBuildPhase;
			buildActionMask = 2147483647;
			files = (
				7270A1C28875D7B2D5827CAF /* libPods-GuestBook.a in Frameworks */,
			);
			runOnlyForDeploymentPostprocessing = 0;
		};
/* End PBXFrameworksBuildPhase section */

/* Begin PBXGroup section */
		7C1354A2D318651C41A23406 /* Frameworks */ = {
			isa = PBXGroup;
			children = (
				6F0D97AADE6FCFED3B97CD7F /* libPods-GuestBook.a */,
			);
			name = Frameworks;
			sourceTree = "<group>";
		};
		E2F4CA1E6DB8A139529041E7 /* Pods */ = {
			isa = PBXGroup;
			children = (
				9B82AB7ADA676CAE699EAF42 /* Pods-GuestBook.debug.xcconfig */,
				6C3D22426D16FBC136B3EB88 /* Pods-GuestBook.release.xcconfig */,
			);
			path = Pods;
			sourceTree = "<group>";
		};
		EA13F74B2640BCC200D88722 /* Modules */ = {
			isa = PBXGroup;
			children = (
				EA13F7582641B81700D88722 /* Networking */,
				EA13F74726409C6600D88722 /* LoginVC.swift */,
				EA13F75026412D6000D88722 /* LoadingVC.swift */,
				EA13F7492640A40F00D88722 /* RegisterVC.swift */,
				EA13F7622642747000D88722 /* GetListVC.swift */,
				EAC6D1DF26451FFD0038A0BC /* AnswersVC.swift */,
				EA13F7762642EB8E00D88722 /* View */,
				EA13F75D2641D59D00D88722 /* Models */,
				EA13F76026426D3C00D88722 /* MyLabel.swift */,
				EA13F74C2641142500D88722 /* MyTextField.swift */,
				EA13F74E264124FC00D88722 /* MyButton.swift */,
			);
			path = Modules;
			sourceTree = "<group>";
		};
		EA13F7582641B81700D88722 /* Networking */ = {
			isa = PBXGroup;
			children = (
				EA13F7592641B94500D88722 /* EndPoints.swift */,
				EA13F75B2641CC0A00D88722 /* NetworkManager.swift */,
			);
			path = Networking;
			sourceTree = "<group>";
		};
		EA13F75D2641D59D00D88722 /* Models */ = {
			isa = PBXGroup;
			children = (
				EAC6D1E9264551D40038A0BC /* Comment.swift */,
				EA13F7642642912500D88722 /* Answer.swift */,
				EA13F75E2641D5BC00D88722 /* User.swift */,
				EA13F77D26442A0C00D88722 /* Meta.swift */,
				EA13F77B2644270600D88722 /* Links.swift */,
			);
			path = Models;
			sourceTree = "<group>";
		};
		EA13F7762642EB8E00D88722 /* View */ = {
			isa = PBXGroup;
			children = (
				EA13F7772642EBA000D88722 /* Xibs */,
				EA13F7722642D2B300D88722 /* MyTableViewCell.swift */,
			);
			path = View;
			sourceTree = "<group>";
		};
		EA13F7772642EBA000D88722 /* Xibs */ = {
			isa = PBXGroup;
			children = (
				EA13F7732642D2B300D88722 /* MyTableViewCell.xib */,
			);
			path = Xibs;
			sourceTree = "<group>";
		};
		EA58EAE026407F18003933BF = {
			isa = PBXGroup;
			children = (
				EA58EAEB26407F18003933BF /* GuestBook */,
				EA58EAEA26407F18003933BF /* Products */,
				E2F4CA1E6DB8A139529041E7 /* Pods */,
				7C1354A2D318651C41A23406 /* Frameworks */,
			);
			sourceTree = "<group>";
		};
		EA58EAEA26407F18003933BF /* Products */ = {
			isa = PBXGroup;
			children = (
				EA58EAE926407F18003933BF /* GuestBook.app */,
			);
			name = Products;
			sourceTree = "<group>";
		};
		EA58EAEB26407F18003933BF /* GuestBook */ = {
			isa = PBXGroup;
			children = (
				EA13F74B2640BCC200D88722 /* Modules */,
				EA58EAEC26407F18003933BF /* AppDelegate.swift */,
				EA58EAEE26407F18003933BF /* SceneDelegate.swift */,
				EA58EAF226407F18003933BF /* Main.storyboard */,
				EA58EAF526407F19003933BF /* Assets.xcassets */,
				EA58EAFA26407F19003933BF /* Info.plist */,
			);
			path = GuestBook;
			sourceTree = "<group>";
		};
/* End PBXGroup section */

/* Begin PBXNativeTarget section */
		EA58EAE826407F18003933BF /* GuestBook */ = {
			isa = PBXNativeTarget;
			buildConfigurationList = EA58EAFD26407F19003933BF /* Build configuration list for PBXNativeTarget "GuestBook" */;
			buildPhases = (
				511D57868FFBFF6016441A39 /* [CP] Check Pods Manifest.lock */,
				EA58EAE526407F18003933BF /* Sources */,
				EA58EAE626407F18003933BF /* Frameworks */,
				EA58EAE726407F18003933BF /* Resources */,
			);
			buildRules = (
			);
			dependencies = (
			);
			name = GuestBook;
			productName = GuestBook;
			productReference = EA58EAE926407F18003933BF /* GuestBook.app */;
			productType = "com.apple.product-type.application";
		};
/* End PBXNativeTarget section */

/* Begin PBXProject section */
		EA58EAE126407F18003933BF /* Project object */ = {
			isa = PBXProject;
			attributes = {
				LastSwiftUpdateCheck = 1250;
				LastUpgradeCheck = 1250;
				TargetAttributes = {
					EA58EAE826407F18003933BF = {
						CreatedOnToolsVersion = 12.5;
					};
				};
			};
			buildConfigurationList = EA58EAE426407F18003933BF /* Build configuration list for PBXProject "GuestBook" */;
			compatibilityVersion = "Xcode 9.3";
			developmentRegion = en;
			hasScannedForEncodings = 0;
			knownRegions = (
				en,
				Base,
			);
			mainGroup = EA58EAE026407F18003933BF;
			productRefGroup = EA58EAEA26407F18003933BF /* Products */;
			projectDirPath = "";
			projectRoot = "";
			targets = (
				EA58EAE826407F18003933BF /* GuestBook */,
			);
		};
/* End PBXProject section */

/* Begin PBXResourcesBuildPhase section */
		EA58EAE726407F18003933BF /* Resources */ = {
			isa = PBXResourcesBuildPhase;
			buildActionMask = 2147483647;
			files = (
				EA58EAF626407F19003933BF /* Assets.xcassets in Resources */,
				EA13F7752642D2B300D88722 /* MyTableViewCell.xib in Resources */,
				EA58EAF426407F18003933BF /* Main.storyboard in Resources */,
			);
			runOnlyForDeploymentPostprocessing = 0;
		};
/* End PBXResourcesBuildPhase section */

/* Begin PBXShellScriptBuildPhase section */
		511D57868FFBFF6016441A39 /* [CP] Check Pods Manifest.lock */ = {
			isa = PBXShellScriptBuildPhase;
			buildActionMask = 2147483647;
			files = (
			);
			inputFileListPaths = (
			);
			inputPaths = (
				"${PODS_PODFILE_DIR_PATH}/Podfile.lock",
				"${PODS_ROOT}/Manifest.lock",
			);
			name = "[CP] Check Pods Manifest.lock";
			outputFileListPaths = (
			);
			outputPaths = (
				"$(DERIVED_FILE_DIR)/Pods-GuestBook-checkManifestLockResult.txt",
			);
			runOnlyForDeploymentPostprocessing = 0;
			shellPath = /bin/sh;
			shellScript = "diff \"${PODS_PODFILE_DIR_PATH}/Podfile.lock\" \"${PODS_ROOT}/Manifest.lock\" > /dev/null\nif [ $? != 0 ] ; then\n    # print error to STDERR\n    echo \"error: The sandbox is not in sync with the Podfile.lock. Run 'pod install' or update your CocoaPods installation.\" >&2\n    exit 1\nfi\n# This output is used by Xcode 'outputs' to avoid re-running this script phase.\necho \"SUCCESS\" > \"${SCRIPT_OUTPUT_FILE_0}\"\n";
			showEnvVarsInLog = 0;
		};
/* End PBXShellScriptBuildPhase section */

/* Begin PBXSourcesBuildPhase section */
		EA58EAE526407F18003933BF /* Sources */ = {
			isa = PBXSourcesBuildPhase;
			buildActionMask = 2147483647;
			files = (
				EAC6D1E026451FFD0038A0BC /* AnswersVC.swift in Sources */,
				EA13F7632642747000D88722 /* GetListVC.swift in Sources */,
				EA13F7652642912500D88722 /* Answer.swift in Sources */,
				EA13F74826409C6600D88722 /* LoginVC.swift in Sources */,
				EA58EAED26407F18003933BF /* AppDelegate.swift in Sources */,
				EA13F74A2640A40F00D88722 /* RegisterVC.swift in Sources */,
				EA58EAEF26407F18003933BF /* SceneDelegate.swift in Sources */,
				EA13F75126412D6000D88722 /* LoadingVC.swift in Sources */,
				EA13F77C2644270600D88722 /* Links.swift in Sources */,
				EA13F75C2641CC0A00D88722 /* NetworkManager.swift in Sources */,
				EA13F77E26442A0C00D88722 /* Meta.swift in Sources */,
				EA13F7742642D2B300D88722 /* MyTableViewCell.swift in Sources */,
				EA13F74D2641142500D88722 /* MyTextField.swift in Sources */,
				EA13F76126426D3C00D88722 /* MyLabel.swift in Sources */,
				EA13F75A2641B94500D88722 /* EndPoints.swift in Sources */,
				EAC6D1EA264551D40038A0BC /* Comment.swift in Sources */,
				EA13F75F2641D5BC00D88722 /* User.swift in Sources */,
				EA13F74F264124FC00D88722 /* MyButton.swift in Sources */,
			);
			runOnlyForDeploymentPostprocessing = 0;
		};
/* End PBXSourcesBuildPhase section */

/* Begin PBXVariantGroup section */
		EA58EAF226407F18003933BF /* Main.storyboard */ = {
			isa = PBXVariantGroup;
			children = (
				EA58EAF326407F18003933BF /* Base */,
			);
			name = Main.storyboard;
			sourceTree = "<group>";
		};
/* End PBXVariantGroup section */

/* Begin XCBuildConfiguration section */
		EA58EAFB26407F19003933BF /* Debug */ = {
			isa = XCBuildConfiguration;
			buildSettings = {
				ALWAYS_SEARCH_USER_PATHS = NO;
				CLANG_ANALYZER_NONNULL = YES;
				CLANG_ANALYZER_NUMBER_OBJECT_CONVERSION = YES_AGGRESSIVE;
				CLANG_CXX_LANGUAGE_STANDARD = "gnu++14";
				CLANG_CXX_LIBRARY = "libc++";
				CLANG_ENABLE_MODULES = YES;
				CLANG_ENABLE_OBJC_ARC = YES;
				CLANG_ENABLE_OBJC_WEAK = YES;
				CLANG_WARN_BLOCK_CAPTURE_AUTORELEASING = YES;
				CLANG_WARN_BOOL_CONVERSION = YES;
				CLANG_WARN_COMMA = YES;
				CLANG_WARN_CONSTANT_CONVERSION = YES;
				CLANG_WARN_DEPRECATED_OBJC_IMPLEMENTATIONS = YES;
				CLANG_WARN_DIRECT_OBJC_ISA_USAGE = YES_ERROR;
				CLANG_WARN_DOCUMENTATION_COMMENTS = YES;
				CLANG_WARN_EMPTY_BODY = YES;
				CLANG_WARN_ENUM_CONVERSION = YES;
				CLANG_WARN_INFINITE_RECURSION = YES;
				CLANG_WARN_INT_CONVERSION = YES;
				CLANG_WARN_NON_LITERAL_NULL_CONVERSION = YES;
				CLANG_WARN_OBJC_IMPLICIT_RETAIN_SELF = YES;
				CLANG_WARN_OBJC_LITERAL_CONVERSION = YES;
				CLANG_WARN_OBJC_ROOT_CLASS = YES_ERROR;
				CLANG_WARN_QUOTED_INCLUDE_IN_FRAMEWORK_HEADER = YES;
				CLANG_WARN_RANGE_LOOP_ANALYSIS = YES;
				CLANG_WARN_STRICT_PROTOTYPES = YES;
				CLANG_WARN_SUSPICIOUS_MOVE = YES;
				CLANG_WARN_UNGUARDED_AVAILABILITY = YES_AGGRESSIVE;
				CLANG_WARN_UNREACHABLE_CODE = YES;
				CLANG_WARN__DUPLICATE_METHOD_MATCH = YES;
				COPY_PHASE_STRIP = NO;
				DEBUG_INFORMATION_FORMAT = dwarf;
				ENABLE_STRICT_OBJC_MSGSEND = YES;
				ENABLE_TESTABILITY = YES;
				GCC_C_LANGUAGE_STANDARD = gnu11;
				GCC_DYNAMIC_NO_PIC = NO;
				GCC_NO_COMMON_BLOCKS = YES;
				GCC_OPTIMIZATION_LEVEL = 0;
				GCC_PREPROCESSOR_DEFINITIONS = (
					"DEBUG=1",
					"$(inherited)",
				);
				GCC_WARN_64_TO_32_BIT_CONVERSION = YES;
				GCC_WARN_ABOUT_RETURN_TYPE = YES_ERROR;
				GCC_WARN_UNDECLARED_SELECTOR = YES;
				GCC_WARN_UNINITIALIZED_AUTOS = YES_AGGRESSIVE;
				GCC_WARN_UNUSED_FUNCTION = YES;
				GCC_WARN_UNUSED_VARIABLE = YES;
				IPHONEOS_DEPLOYMENT_TARGET = 14.5;
				MTL_ENABLE_DEBUG_INFO = INCLUDE_SOURCE;
				MTL_FAST_MATH = YES;
				ONLY_ACTIVE_ARCH = YES;
				SDKROOT = iphoneos;
				SWIFT_ACTIVE_COMPILATION_CONDITIONS = DEBUG;
				SWIFT_OPTIMIZATION_LEVEL = "-Onone";
			};
			name = Debug;
		};
		EA58EAFC26407F19003933BF /* Release */ = {
			isa = XCBuildConfiguration;
			buildSettings = {
				ALWAYS_SEARCH_USER_PATHS = NO;
				CLANG_ANALYZER_NONNULL = YES;
				CLANG_ANALYZER_NUMBER_OBJECT_CONVERSION = YES_AGGRESSIVE;
				CLANG_CXX_LANGUAGE_STANDARD = "gnu++14";
				CLANG_CXX_LIBRARY = "libc++";
				CLANG_ENABLE_MODULES = YES;
				CLANG_ENABLE_OBJC_ARC = YES;
				CLANG_ENABLE_OBJC_WEAK = YES;
				CLANG_WARN_BLOCK_CAPTURE_AUTORELEASING = YES;
				CLANG_WARN_BOOL_CONVERSION = YES;
				CLANG_WARN_COMMA = YES;
				CLANG_WARN_CONSTANT_CONVERSION = YES;
				CLANG_WARN_DEPRECATED_OBJC_IMPLEMENTATIONS = YES;
				CLANG_WARN_DIRECT_OBJC_ISA_USAGE = YES_ERROR;
				CLANG_WARN_DOCUMENTATION_COMMENTS = YES;
				CLANG_WARN_EMPTY_BODY = YES;
				CLANG_WARN_ENUM_CONVERSION = YES;
				CLANG_WARN_INFINITE_RECURSION = YES;
				CLANG_WARN_INT_CONVERSION = YES;
				CLANG_WARN_NON_LITERAL_NULL_CONVERSION = YES;
				CLANG_WARN_OBJC_IMPLICIT_RETAIN_SELF = YES;
				CLANG_WARN_OBJC_LITERAL_CONVERSION = YES;
				CLANG_WARN_OBJC_ROOT_CLASS = YES_ERROR;
				CLANG_WARN_QUOTED_INCLUDE_IN_FRAMEWORK_HEADER = YES;
				CLANG_WARN_RANGE_LOOP_ANALYSIS = YES;
				CLANG_WARN_STRICT_PROTOTYPES = YES;
				CLANG_WARN_SUSPICIOUS_MOVE = YES;
				CLANG_WARN_UNGUARDED_AVAILABILITY = YES_AGGRESSIVE;
				CLANG_WARN_UNREACHABLE_CODE = YES;
				CLANG_WARN__DUPLICATE_METHOD_MATCH = YES;
				COPY_PHASE_STRIP = NO;
				DEBUG_INFORMATION_FORMAT = "dwarf-with-dsym";
				ENABLE_NS_ASSERTIONS = NO;
				ENABLE_STRICT_OBJC_MSGSEND = YES;
				GCC_C_LANGUAGE_STANDARD = gnu11;
				GCC_NO_COMMON_BLOCKS = YES;
				GCC_WARN_64_TO_32_BIT_CONVERSION = YES;
				GCC_WARN_ABOUT_RETURN_TYPE = YES_ERROR;
				GCC_WARN_UNDECLARED_SELECTOR = YES;
				GCC_WARN_UNINITIALIZED_AUTOS = YES_AGGRESSIVE;
				GCC_WARN_UNUSED_FUNCTION = YES;
				GCC_WARN_UNUSED_VARIABLE = YES;
				IPHONEOS_DEPLOYMENT_TARGET = 14.5;
				MTL_ENABLE_DEBUG_INFO = NO;
				MTL_FAST_MATH = YES;
				SDKROOT = iphoneos;
				SWIFT_COMPILATION_MODE = wholemodule;
				SWIFT_OPTIMIZATION_LEVEL = "-O";
				VALIDATE_PRODUCT = YES;
			};
			name = Release;
		};
		EA58EAFE26407F19003933BF /* Debug */ = {
			isa = XCBuildConfiguration;
			baseConfigurationReference = 9B82AB7ADA676CAE699EAF42 /* Pods-GuestBook.debug.xcconfig */;
			buildSettings = {
				ASSETCATALOG_COMPILER_APPICON_NAME = AppIcon;
				ASSETCATALOG_COMPILER_GLOBAL_ACCENT_COLOR_NAME = AccentColor;
				CODE_SIGN_STYLE = Automatic;
				DEVELOPMENT_TEAM = KK3NRV9KDJ;
				INFOPLIST_FILE = GuestBook/Info.plist;
				LD_RUNPATH_SEARCH_PATHS = (
					"$(inherited)",
					"@executable_path/Frameworks",
				);
				PRODUCT_BUNDLE_IDENTIFIER = by.tonysmirnov.GuestBook;
				PRODUCT_NAME = "$(TARGET_NAME)";
				SWIFT_VERSION = 5.0;
				TARGETED_DEVICE_FAMILY = "1,2";
			};
			name = Debug;
		};
		EA58EAFF26407F19003933BF /* Release */ = {
			isa = XCBuildConfiguration;
			baseConfigurationReference = 6C3D22426D16FBC136B3EB88 /* Pods-GuestBook.release.xcconfig */;
			buildSettings = {
				ASSETCATALOG_COMPILER_APPICON_NAME = AppIcon;
				ASSETCATALOG_COMPILER_GLOBAL_ACCENT_COLOR_NAME = AccentColor;
				CODE_SIGN_STYLE = Automatic;
				DEVELOPMENT_TEAM = KK3NRV9KDJ;
				INFOPLIST_FILE = GuestBook/Info.plist;
				LD_RUNPATH_SEARCH_PATHS = (
					"$(inherited)",
					"@executable_path/Frameworks",
				);
				PRODUCT_BUNDLE_IDENTIFIER = by.tonysmirnov.GuestBook;
				PRODUCT_NAME = "$(TARGET_NAME)";
				SWIFT_VERSION = 5.0;
				TARGETED_DEVICE_FAMILY = "1,2";
			};
			name = Release;
		};
/* End XCBuildConfiguration section */

/* Begin XCConfigurationList section */
		EA58EAE426407F18003933BF /* Build configuration list for PBXProject "GuestBook" */ = {
			isa = XCConfigurationList;
			buildConfigurations = (
				EA58EAFB26407F19003933BF /* Debug */,
				EA58EAFC26407F19003933BF /* Release */,
			);
			defaultConfigurationIsVisible = 0;
			defaultConfigurationName = Release;
		};
		EA58EAFD26407F19003933BF /* Build configuration list for PBXNativeTarget "GuestBook" */ = {
			isa = XCConfigurationList;
			buildConfigurations = (
				EA58EAFE26407F19003933BF /* Debug */,
				EA58EAFF26407F19003933BF /* Release */,
			);
			defaultConfigurationIsVisible = 0;
			defaultConfigurationName = Release;
		};
/* End XCConfigurationList section */
	};
	rootObject = EA58EAE126407F18003933BF /* Project object */;
}
